
Microsoft Visual Studio Solution File, Format Version 12.00
Project("{FAE04EC0-301F-11D3-BF4B-00C04F79EFBC}") = "LogicLayer", "LogicLayer\LogicLayer.csproj", "{9379867F-970C-4639-A093-51DF4BE3CD53}"
EndProject
Project("{FAE04EC0-301F-11D3-BF4B-00C04F79EFBC}") = "DataLayer", "DataLayer\DataLayer.csproj", "{C1B37B74-BE82-4EFD-80DF-DD79895016F4}"
EndProject
Global
	GlobalSection(SolutionConfigurationPlatforms) = preSolution
		Debug|Any CPU = Debug|Any CPU
		Release|Any CPU = Release|Any CPU
	EndGlobalSection
	GlobalSection(ProjectConfigurationPlatforms) = postSolution
		{9379867F-970C-4639-A093-51DF4BE3CD53}.Debug|Any CPU.ActiveCfg = Debug|Any CPU
		{9379867F-970C-4639-A093-51DF4BE3CD53}.Debug|Any CPU.Build.0 = Debug|Any CPU
		{9379867F-970C-4639-A093-51DF4BE3CD53}.Release|Any CPU.ActiveCfg = Release|Any CPU
		{9379867F-970C-4639-A093-51DF4BE3CD53}.Release|Any CPU.Build.0 = Release|Any CPU
		{C1B37B74-BE82-4EFD-80DF-DD79895016F4}.Debug|Any CPU.ActiveCfg = Debug|Any CPU
		{C1B37B74-BE82-4EFD-80DF-DD79895016F4}.Debug|Any CPU.Build.0 = Debug|Any CPU
		{C1B37B74-BE82-4EFD-80DF-DD79895016F4}.Release|Any CPU.ActiveCfg = Release|Any CPU
		{C1B37B74-BE82-4EFD-80DF-DD79895016F4}.Release|Any CPU.Build.0 = Release|Any CPU
	EndGlobalSection
EndGlobal
